
Microsoft Visual Studio Solution File, Format Version 12.00
# Visual Studio 15
VisualStudioVersion = 15.0.27130.2027
MinimumVisualStudioVersion = 10.0.40219.1
Project("{FAE04EC0-301F-11D3-BF4B-00C04F79EFBC}") = "PPLDatabaseManager", "PPLDatabaseManager\PPLDatabaseManager.csproj", "{79CAD2FA-485A-491F-92C5-B5B58665E86B}"
EndProject
Global
	GlobalSection(SolutionConfigurationPlatforms) = preSolution
		Debug|Any CPU = Debug|Any CPU
		Release|Any CPU = Release|Any CPU
	EndGlobalSection
	GlobalSection(ProjectConfigurationPlatforms) = postSolution
		{79CAD2FA-485A-491F-92C5-B5B58665E86B}.Debug|Any CPU.ActiveCfg = Debug|Any CPU
		{79CAD2FA-485A-491F-92C5-B5B58665E86B}.Debug|Any CPU.Build.0 = Debug|Any CPU
		{79CAD2FA-485A-491F-92C5-B5B58665E86B}.Release|Any CPU.ActiveCfg = Release|Any CPU
		{79CAD2FA-485A-491F-92C5-B5B58665E86B}.Release|Any CPU.Build.0 = Release|Any CPU
	EndGlobalSection
	GlobalSection(SolutionProperties) = preSolution
		HideSolutionNode = FALSE
	EndGlobalSection
	GlobalSection(ExtensibilityGlobals) = postSolution
		SolutionGuid = {22384DA8-B269-489E-9651-E24DCBE2B2AC}
	EndGlobalSection
EndGlobal
